{
  "name": "puppy-love",
  "version": "1.0.0",
  "lockfileVersion": 1,
  "dependencies": {
    "@types/geojson": {
      "version": "https://registry.npmjs.org/@types/geojson/-/geojson-1.0.2.tgz",
      "integrity": "sha1-sC0QqwKOKSisWSoFGqpJgaGUHQM="
    },
    "align-text": {
      "version": "0.1.4",
      "resolved": "https://registry.npmjs.org/align-text/-/align-text-0.1.4.tgz",
      "integrity": "sha1-DNkKVhCT810KmSVsIrcGlDP60Rc="
    },
    "amdefine": {
      "version": "1.0.1",
      "resolved": "https://registry.npmjs.org/amdefine/-/amdefine-1.0.1.tgz",
      "integrity": "sha1-SlKCrBZHKek2Gbz9OtFR+BfOkfU="
    },
    "ammo": {
      "version": "2.0.4",
      "resolved": "https://registry.npmjs.org/ammo/-/ammo-2.0.4.tgz",
      "integrity": "sha1-v4CqshFpjqePY+9efxE91dnokX8=",
      "dependencies": {
        "boom": {
          "version": "5.1.0",
          "resolved": "https://registry.npmjs.org/boom/-/boom-5.1.0.tgz",
          "integrity": "sha1-Awj6jpJM1tQtnDv0iDvcmPDnHfg="
        }
      }
    },
    "async": {
      "version": "1.5.2",
      "resolved": "https://registry.npmjs.org/async/-/async-1.5.2.tgz",
      "integrity": "sha1-7GphrlZIDAw8skHJVhjiCJL5Zyo="
    },
    "bignumber.js": {
      "version": "3.1.2",
      "resolved": "https://registry.npmjs.org/bignumber.js/-/bignumber.js-3.1.2.tgz",
      "integrity": "sha1-8725mtUmihX8HwvtL7AY4mk/4jY="
    },
    "bluebird": {
      "version": "https://registry.npmjs.org/bluebird/-/bluebird-3.5.0.tgz",
      "integrity": "sha1-eRQg1/VR7qKJdFOop3ZT+WYG1nw="
    },
    "boom": {
      "version": "4.3.1",
      "resolved": "https://registry.npmjs.org/boom/-/boom-4.3.1.tgz",
      "integrity": "sha1-T4owBctKfjiJ90kDD9JbluAdLjE="
    },
    "camelcase": {
      "version": "1.2.1",
      "resolved": "https://registry.npmjs.org/camelcase/-/camelcase-1.2.1.tgz",
      "integrity": "sha1-m7UwTS4LVmmLLHWLCKPqqdqlijk=",
      "optional": true
    },
    "center-align": {
      "version": "0.1.3",
      "resolved": "https://registry.npmjs.org/center-align/-/center-align-0.1.3.tgz",
      "integrity": "sha1-qg0yYptu6XIgBBHL1EYckHvCt60=",
      "optional": true
    },
    "cliui": {
      "version": "2.1.0",
      "resolved": "https://registry.npmjs.org/cliui/-/cliui-2.1.0.tgz",
      "integrity": "sha1-S0dXYP+AJkx2LDoXGQMukcf+oNE=",
      "optional": true,
      "dependencies": {
        "wordwrap": {
          "version": "0.0.2",
          "resolved": "https://registry.npmjs.org/wordwrap/-/wordwrap-0.0.2.tgz",
          "integrity": "sha1-t5Zpu0LstAn4PVg8rVLKF+qhZD8=",
          "optional": true
        }
      }
    },
    "core-util-is": {
      "version": "1.0.2",
      "resolved": "https://registry.npmjs.org/core-util-is/-/core-util-is-1.0.2.tgz",
      "integrity": "sha1-tf1UIgqivFq1eqtxQMlAdUUDwac="
    },
    "cross-env": {
      "version": "https://registry.npmjs.org/cross-env/-/cross-env-3.2.4.tgz",
      "integrity": "sha1-ngWF8neGTtQhznVvgamA/w1piro="
    },
    "cross-spawn": {
      "version": "https://registry.npmjs.org/cross-spawn/-/cross-spawn-5.1.0.tgz",
      "integrity": "sha1-6L0O/uWPz/b4+UUQoKVUu/ojVEk="
    },
    "debug": {
      "version": "https://registry.npmjs.org/debug/-/debug-2.6.8.tgz",
      "integrity": "sha1-5zFTHKLt4n0YgiJCfaF4IdaP9Pw="
    },
    "decamelize": {
      "version": "1.2.0",
      "resolved": "https://registry.npmjs.org/decamelize/-/decamelize-1.2.0.tgz",
      "integrity": "sha1-9lNNFRSCabIDUue+4m9QH5oZEpA=",
      "optional": true
    },
    "depd": {
      "version": "https://registry.npmjs.org/depd/-/depd-1.1.0.tgz",
      "integrity": "sha1-4b2Cxqq2ztlluXuIsX7T5SjKGMM="
    },
    "dottie": {
      "version": "https://registry.npmjs.org/dottie/-/dottie-1.1.1.tgz",
      "integrity": "sha1-RcKj9IvWUo7u0memmoSOqspvqmo="
    },
    "generic-pool": {
      "version": "https://registry.npmjs.org/generic-pool/-/generic-pool-2.4.2.tgz",
      "integrity": "sha1-iGvFvwvrfblugby7oHiBjeWmJoM="
    },
    "handlebars": {
      "version": "4.0.10",
      "resolved": "https://registry.npmjs.org/handlebars/-/handlebars-4.0.10.tgz",
      "integrity": "sha1-PTDHGLCaPZbyPqTMH0A8TTup/08="
    },
    "hapi": {
      "version": "16.3.0",
      "resolved": "https://registry.npmjs.org/hapi/-/hapi-16.3.0.tgz",
      "integrity": "sha1-9qptSAsm6yFB0ev1NeJ4xJ6EC/A=",
      "dependencies": {
        "accept": {
          "version": "2.1.4",
          "resolved": "https://registry.npmjs.org/accept/-/accept-2.1.4.tgz",
          "integrity": "sha1-iHr1TO7lx/RDBGGXHsQAxh0JrLs="
        },
        "ammo": {
          "version": "2.0.4",
          "resolved": "https://registry.npmjs.org/ammo/-/ammo-2.0.4.tgz",
          "integrity": "sha1-v4CqshFpjqePY+9efxE91dnokX8="
        },
        "b64": {
          "version": "3.0.2",
          "resolved": "https://registry.npmjs.org/b64/-/b64-3.0.2.tgz",
          "integrity": "sha1-ep1gRmrfe43hFMvfZRpf38yQiU0="
        },
        "boom": {
          "version": "5.1.0",
          "resolved": "https://registry.npmjs.org/boom/-/boom-5.1.0.tgz",
          "integrity": "sha1-Awj6jpJM1tQtnDv0iDvcmPDnHfg="
        },
        "call": {
          "version": "4.0.2",
          "resolved": "https://registry.npmjs.org/call/-/call-4.0.2.tgz",
          "integrity": "sha1-33b19R7o3Ui4VqyEAPfmnm1zmcQ="
        },
        "catbox": {
          "version": "7.1.4",
          "resolved": "https://registry.npmjs.org/catbox/-/catbox-7.1.4.tgz",
          "integrity": "sha1-ipUO0YtkuoCIwa4TLoXFhHnStsw="
        },
        "catbox-memory": {
          "version": "2.0.4",
          "resolved": "https://registry.npmjs.org/catbox-memory/-/catbox-memory-2.0.4.tgz",
          "integrity": "sha1-Qz4lWQLK9UIz0ShkKcj03xToItU="
        },
        "content": {
          "version": "3.0.4",
          "resolved": "https://registry.npmjs.org/content/-/content-3.0.4.tgz",
          "integrity": "sha1-yj3eBEgPElGbcVJuxEvUiN37P+8="
        },
        "cryptiles": {
          "version": "3.1.2",
          "resolved": "https://registry.npmjs.org/cryptiles/-/cryptiles-3.1.2.tgz",
          "integrity": "sha1-qJ+7Ig9c4l7FboxKqKT9e1sNKf4="
        },
        "heavy": {
          "version": "4.0.4",
          "resolved": "https://registry.npmjs.org/heavy/-/heavy-4.0.4.tgz",
          "integrity": "sha1-NskTNsAMz+hSyqTRUwhjNc0vAOk="
        },
        "hoek": {
          "version": "4.1.1",
          "resolved": "https://registry.npmjs.org/hoek/-/hoek-4.1.1.tgz",
          "integrity": "sha1-nMVz/7ore0CPtenCoTeWvpTN3Ok="
        },
        "iron": {
          "version": "4.0.5",
          "resolved": "https://registry.npmjs.org/iron/-/iron-4.0.5.tgz",
          "integrity": "sha1-TwQszri5c480a1mqc0yDqJvDFCg="
        },
        "isemail": {
          "version": "2.2.1",
          "resolved": "https://registry.npmjs.org/isemail/-/isemail-2.2.1.tgz",
          "integrity": "sha1-A1PT2aYpUQgMJiwqoKQrjqjp4qY="
        },
        "items": {
          "version": "2.1.1",
          "resolved": "https://registry.npmjs.org/items/-/items-2.1.1.tgz",
          "integrity": "sha1-i9FtnIOxlSneWuoyGsqtp4NkoZg="
        },
        "joi": {
          "version": "10.5.1",
          "resolved": "https://registry.npmjs.org/joi/-/joi-10.5.1.tgz",
          "integrity": "sha1-IsYI0QbB9/4YxvG/OKIo/fLaq38="
        },
        "mime-db": {
          "version": "1.28.0",
          "resolved": "https://registry.npmjs.org/mime-db/-/mime-db-1.28.0.tgz",
          "integrity": "sha1-/t00m+BtKGW3/FfYN8beTxfXrDw="
        },
        "mimos": {
          "version": "3.0.3",
          "resolved": "https://registry.npmjs.org/mimos/-/mimos-3.0.3.tgz",
          "integrity": "sha1-uRCQcq03jCty9qAQHEPd+ys2ZB8="
        },
        "nigel": {
          "version": "2.0.2",
          "resolved": "https://registry.npmjs.org/nigel/-/nigel-2.0.2.tgz",
          "integrity": "sha1-k6GGb7DFLYc5CqdeKxYfS1x15bE="
        },
        "pez": {
          "version": "2.1.5",
          "resolved": "https://registry.npmjs.org/pez/-/pez-2.1.5.tgz",
          "integrity": "sha1-XsLMYlAMw+tCNtSkFM9aF7XrUAc="
        },
        "podium": {
          "version": "1.2.5",
          "resolved": "https://registry.npmjs.org/podium/-/podium-1.2.5.tgz",
          "integrity": "sha1-h8VmwvA2W88KHsdgLE0BlIzdKtU="
        },
        "shot": {
          "version": "3.4.0",
          "resolved": "https://registry.npmjs.org/shot/-/shot-3.4.0.tgz",
          "integrity": "sha1-5xJe5yV1rlIYNJ6TNjaAjXkNS5I="
        },
        "statehood": {
          "version": "5.0.2",
          "resolved": "https://registry.npmjs.org/statehood/-/statehood-5.0.2.tgz",
          "integrity": "sha1-xrO6oW7YsSHT8Jo/+oXiIZWn8qk="
        },
        "subtext": {
          "version": "4.4.1",
          "resolved": "https://registry.npmjs.org/subtext/-/subtext-4.4.1.tgz",
          "integrity": "sha1-L87JRd5CkoPD0YsVH/D6HxuHrsk="
        },
        "topo": {
          "version": "2.0.2",
          "resolved": "https://registry.npmjs.org/topo/-/topo-2.0.2.tgz",
          "integrity": "sha1-zVYVdSU5BXwNwEkaYhw7xvvh0YI="
        },
        "vise": {
          "version": "2.0.2",
          "resolved": "https://registry.npmjs.org/vise/-/vise-2.0.2.tgz",
          "integrity": "sha1-awjo+0y3bjpQzW3Q7DczjoEaDTk="
        },
        "wreck": {
          "version": "12.2.2",
          "resolved": "https://registry.npmjs.org/wreck/-/wreck-12.2.2.tgz",
          "integrity": "sha1-4hgj00w21nIATu+jR66MT2BQ49s="
        }
      }
    },
    "hoek": {
      "version": "4.1.1",
      "resolved": "https://registry.npmjs.org/hoek/-/hoek-4.1.1.tgz",
      "integrity": "sha1-nMVz/7ore0CPtenCoTeWvpTN3Ok="
    },
    "inert": {
      "version": "4.2.0",
      "resolved": "https://registry.npmjs.org/inert/-/inert-4.2.0.tgz",
      "integrity": "sha1-aqXajOGZgutyqr70vdpk/WdQsAU="
    },
    "inflection": {
      "version": "https://registry.npmjs.org/inflection/-/inflection-1.12.0.tgz",
      "integrity": "sha1-ogCTVlbW9fa8TcdQLhrstwMihBY="
    },
    "inherits": {
      "version": "2.0.3",
      "resolved": "https://registry.npmjs.org/inherits/-/inherits-2.0.3.tgz",
      "integrity": "sha1-Yzwsg+PaQqUC9SRmAiSA9CCCYd4="
    },
    "is-buffer": {
      "version": "1.1.5",
      "resolved": "https://registry.npmjs.org/is-buffer/-/is-buffer-1.1.5.tgz",
      "integrity": "sha1-Hzsm72E7IUuIy8ojzGwB2Hlh7sw="
    },
    "is-windows": {
      "version": "https://registry.npmjs.org/is-windows/-/is-windows-1.0.1.tgz",
      "integrity": "sha1-MQ23D3QtJZoWo2kgK1GvhCMzENk="
    },
    "isarray": {
      "version": "0.0.1",
      "resolved": "https://registry.npmjs.org/isarray/-/isarray-0.0.1.tgz",
      "integrity": "sha1-ihis/Kmo9Bd+Cav8YDiTmwXR7t8="
    },
    "isemail": {
      "version": "2.2.1",
      "resolved": "https://registry.npmjs.org/isemail/-/isemail-2.2.1.tgz",
      "integrity": "sha1-A1PT2aYpUQgMJiwqoKQrjqjp4qY="
    },
    "isexe": {
      "version": "https://registry.npmjs.org/isexe/-/isexe-2.0.0.tgz",
      "integrity": "sha1-6PvzdNxVb/iUehDcsFctYz8s+hA="
    },
    "items": {
      "version": "2.1.1",
      "resolved": "https://registry.npmjs.org/items/-/items-2.1.1.tgz",
      "integrity": "sha1-i9FtnIOxlSneWuoyGsqtp4NkoZg="
    },
    "joi": {
      "version": "10.5.2",
      "resolved": "https://registry.npmjs.org/joi/-/joi-10.5.2.tgz",
      "integrity": "sha512-Do/NXTokq86nvFfggE4UbwNnyzvALn3Ay+gMwQSAkrQoWTYc4LvkabhypVZiqDZq0TbtVhUpOphe4dmKB6/Pxg=="
    },
    "kind-of": {
      "version": "3.2.2",
      "resolved": "https://registry.npmjs.org/kind-of/-/kind-of-3.2.2.tgz",
      "integrity": "sha1-MeohpzS6ubuw8yRm2JOupR5KPGQ="
    },
    "lazy-cache": {
      "version": "1.0.4",
      "resolved": "https://registry.npmjs.org/lazy-cache/-/lazy-cache-1.0.4.tgz",
      "integrity": "sha1-odePw6UEdMuAhF07O24dpJpEbo4=",
      "optional": true
    },
    "lodash": {
      "version": "https://registry.npmjs.org/lodash/-/lodash-4.12.0.tgz",
      "integrity": "sha1-K9bcRqBA9Z5obJcu0h2T3FkFMlg="
    },
    "longest": {
      "version": "1.0.1",
      "resolved": "https://registry.npmjs.org/longest/-/longest-1.0.1.tgz",
      "integrity": "sha1-MKCy2jj3N3DoKUoNIuZiXtd9AJc="
    },
    "lru-cache": {
      "version": "https://registry.npmjs.org/lru-cache/-/lru-cache-4.0.2.tgz",
      "integrity": "sha1-HRdnnAac2l0ECZGgnbwsDbN35V4="
    },
    "minimist": {
      "version": "0.0.10",
      "resolved": "https://registry.npmjs.org/minimist/-/minimist-0.0.10.tgz",
      "integrity": "sha1-3j+YVD2/lggr5IrRoMfNqDYwHc8="
    },
    "moment": {
      "version": "https://registry.npmjs.org/moment/-/moment-2.18.1.tgz",
      "integrity": "sha1-w2GT3Tzhwu7SrbfIAtu8d6gbHA8="
    },
    "moment-timezone": {
      "version": "https://registry.npmjs.org/moment-timezone/-/moment-timezone-0.5.13.tgz",
      "integrity": "sha1-mc5cfYJyYusPH3AgRBd/YHRde5A="
    },
    "ms": {
      "version": "https://registry.npmjs.org/ms/-/ms-2.0.0.tgz",
      "integrity": "sha1-VgiurfwAvmwpAd9fmGF4jeDVl8g="
    },
    "mysql": {
      "version": "2.13.0",
      "resolved": "https://registry.npmjs.org/mysql/-/mysql-2.13.0.tgz",
      "integrity": "sha1-mY8fjKRuLj3XFJzpgkE2U5hqrkc="
    },
    "optimist": {
      "version": "0.6.1",
      "resolved": "https://registry.npmjs.org/optimist/-/optimist-0.6.1.tgz",
      "integrity": "sha1-2j6nRob6IaGaERwybpDrFaAZZoY="
    },
    "pseudomap": {
      "version": "https://registry.npmjs.org/pseudomap/-/pseudomap-1.0.2.tgz",
      "integrity": "sha1-8FKijacOYYkX7wqKw0wa5aaChrM="
    },
    "readable-stream": {
      "version": "1.1.14",
      "resolved": "https://registry.npmjs.org/readable-stream/-/readable-stream-1.1.14.tgz",
      "integrity": "sha1-fPTFTvZI44EwhMY23SB54WbAgdk="
    },
    "repeat-string": {
      "version": "1.6.1",
      "resolved": "https://registry.npmjs.org/repeat-string/-/repeat-string-1.6.1.tgz",
      "integrity": "sha1-jcrkcOHIirwtYA//Sndihtp15jc="
    },
    "retry-as-promised": {
      "version": "https://registry.npmjs.org/retry-as-promised/-/retry-as-promised-2.2.0.tgz",
      "integrity": "sha1-sEY9f9PPWy/tZFAKtui4pJxbjmw="
    },
    "right-align": {
      "version": "0.1.3",
      "resolved": "https://registry.npmjs.org/right-align/-/right-align-0.1.3.tgz",
      "integrity": "sha1-YTObci/mo1FWiSENJOFMlhSGE+8=",
      "optional": true
    },
    "semver": {
      "version": "https://registry.npmjs.org/semver/-/semver-5.3.0.tgz",
      "integrity": "sha1-myzl094C0XxgEq0yaqa00M9U+U8="
    },
    "sequelize": {
      "version": "3.30.4",
      "resolved": "https://registry.npmjs.org/sequelize/-/sequelize-3.30.4.tgz",
      "integrity": "sha1-vaLfHjGFSwmeQUmhEen8Clyh0aQ="
    },
    "shebang-command": {
      "version": "https://registry.npmjs.org/shebang-command/-/shebang-command-1.2.0.tgz",
      "integrity": "sha1-RKrGW2lbAzmJaMOfNj/uXer98eo="
    },
    "shebang-regex": {
      "version": "https://registry.npmjs.org/shebang-regex/-/shebang-regex-1.0.0.tgz",
      "integrity": "sha1-2kL0l0DAtC2yypcoVxyxkMmO/qM="
    },
    "shimmer": {
      "version": "https://registry.npmjs.org/shimmer/-/shimmer-1.1.0.tgz",
      "integrity": "sha1-l9c3cTf/u6tCVSLkKf4KqJpIizU="
    },
    "source-map": {
      "version": "0.4.4",
      "resolved": "https://registry.npmjs.org/source-map/-/source-map-0.4.4.tgz",
      "integrity": "sha1-66T12pwNyZneaAMti092FzZSA2s="
    },
    "sqlstring": {
      "version": "2.2.0",
      "resolved": "https://registry.npmjs.org/sqlstring/-/sqlstring-2.2.0.tgz",
      "integrity": "sha1-wxNcTqirzX5+50GklmqJHYak8ZE="
    },
    "string_decoder": {
      "version": "0.10.31",
      "resolved": "https://registry.npmjs.org/string_decoder/-/string_decoder-0.10.31.tgz",
      "integrity": "sha1-YuIDvEF2bGwoyfyEMB2rHFMQ+pQ="
    },
    "terraformer": {
      "version": "https://registry.npmjs.org/terraformer/-/terraformer-1.0.8.tgz",
      "integrity": "sha1-UeCtiXRvzyFh3G9lqnDkI3fItZM="
    },
    "terraformer-wkt-parser": {
      "version": "https://registry.npmjs.org/terraformer-wkt-parser/-/terraformer-wkt-parser-1.1.2.tgz",
      "integrity": "sha1-M2oMj8gglKWv+DKI9prt7NNpvww="
    },
    "topo": {
      "version": "2.0.2",
      "resolved": "https://registry.npmjs.org/topo/-/topo-2.0.2.tgz",
      "integrity": "sha1-zVYVdSU5BXwNwEkaYhw7xvvh0YI="
    },
    "toposort-class": {
      "version": "https://registry.npmjs.org/toposort-class/-/toposort-class-1.0.1.tgz",
      "integrity": "sha1-f/0feMi+KMO6Rc1OGj9e4ZO9mYg="
    },
    "uglify-js": {
      "version": "2.8.28",
      "resolved": "https://registry.npmjs.org/uglify-js/-/uglify-js-2.8.28.tgz",
      "integrity": "sha512-WqKNbmNJKzIdIEQu/U2ytgGBbhCy2PVks94GoetczOAJ/zCgVu2CuO7gguI5KPFGPtUtI1dmPQl6h0D4cPzypA==",
      "optional": true,
      "dependencies": {
        "source-map": {
          "version": "0.5.6",
          "resolved": "https://registry.npmjs.org/source-map/-/source-map-0.5.6.tgz",
          "integrity": "sha1-dc449SvwczxafwwRjYEzSiu19BI=",
          "optional": true
        }
      }
    },
    "uglify-to-browserify": {
      "version": "1.0.2",
      "resolved": "https://registry.npmjs.org/uglify-to-browserify/-/uglify-to-browserify-1.0.2.tgz",
      "integrity": "sha1-bgkk1r2mta/jSeOabWMoUKD4grc=",
      "optional": true
    },
    "uuid": {
      "version": "https://registry.npmjs.org/uuid/-/uuid-3.0.1.tgz",
      "integrity": "sha1-ZUS7ot/ajBzxfmKaOjBeK7H+5sE="
    },
    "validator": {
      "version": "https://registry.npmjs.org/validator/-/validator-5.7.0.tgz",
      "integrity": "sha1-eoelgUa2laxIYHEUHAxJ1n2gXlw="
    },
    "vision": {
      "version": "4.1.1",
      "resolved": "https://registry.npmjs.org/vision/-/vision-4.1.1.tgz",
      "integrity": "sha1-4bYSstLi8gMQoDkpD9SdUSSPgto="
    },
    "which": {
      "version": "https://registry.npmjs.org/which/-/which-1.2.14.tgz",
      "integrity": "sha1-mofEN48D6CfOyvGs31bHNsAcFOU="
    },
    "window-size": {
      "version": "0.1.0",
      "resolved": "https://registry.npmjs.org/window-size/-/window-size-0.1.0.tgz",
      "integrity": "sha1-VDjNLqk7IC76Ohn+iIeu58lPnJ0=",
      "optional": true
    },
    "wkx": {
      "version": "https://registry.npmjs.org/wkx/-/wkx-0.2.0.tgz",
      "integrity": "sha1-dsJPFqzQzY+TzTSqMx4PeWElboQ="
    },
    "wordwrap": {
      "version": "0.0.3",
      "resolved": "https://registry.npmjs.org/wordwrap/-/wordwrap-0.0.3.tgz",
      "integrity": "sha1-o9XabNXAvAAI03I0u68b7WMFkQc="
    },
    "yallist": {
      "version": "https://registry.npmjs.org/yallist/-/yallist-2.1.2.tgz",
      "integrity": "sha1-HBH5IY8HYImkfdUS+TxmmaaoHVI="
    },
    "yargs": {
      "version": "3.10.0",
      "resolved": "https://registry.npmjs.org/yargs/-/yargs-3.10.0.tgz",
      "integrity": "sha1-9+572FfdfB0tOMDnTvvWgdFDH9E=",
      "optional": true
    }
  }
}
